
Microsoft Visual Studio Solution File, Format Version 12.00
# Visual Studio Version 16
VisualStudioVersion = 16.0.29503.13
MinimumVisualStudioVersion = 10.0.40219.1
Project("{FAE04EC0-301F-11D3-BF4B-00C04F79EFBC}") = "IrakliEradzeQuizOne", "IrakliEradzeQuizOne\IrakliEradzeQuizOne.csproj", "{A1871003-AAAB-4CDA-BCE6-5A874FC88650}"
EndProject
Global
	GlobalSection(SolutionConfigurationPlatforms) = preSolution
		Debug|Any CPU = Debug|Any CPU
		Release|Any CPU = Release|Any CPU
	EndGlobalSection
	GlobalSection(ProjectConfigurationPlatforms) = postSolution
		{A1871003-AAAB-4CDA-BCE6-5A874FC88650}.Debug|Any CPU.ActiveCfg = Debug|Any CPU
		{A1871003-AAAB-4CDA-BCE6-5A874FC88650}.Debug|Any CPU.Build.0 = Debug|Any CPU
		{A1871003-AAAB-4CDA-BCE6-5A874FC88650}.Release|Any CPU.ActiveCfg = Release|Any CPU
		{A1871003-AAAB-4CDA-BCE6-5A874FC88650}.Release|Any CPU.Build.0 = Release|Any CPU
	EndGlobalSection
	GlobalSection(SolutionProperties) = preSolution
		HideSolutionNode = FALSE
	EndGlobalSection
	GlobalSection(ExtensibilityGlobals) = postSolution
		SolutionGuid = {812E717B-72D8-40E7-8EF7-A6CAF0F17AC4}
	EndGlobalSection
EndGlobal
